
Microsoft Visual Studio Solution File, Format Version 12.00
# Visual Studio 15
VisualStudioVersion = 15.0.26430.12
MinimumVisualStudioVersion = 10.0.40219.1
Project("{FAE04EC0-301F-11D3-BF4B-00C04F79EFBC}") = "SimpleCrud", "SimpleCrud\SimpleCrud.csproj", "{94D12E7F-BB08-4982-8B7D-91AB7E90E356}"
EndProject
Project("{FAE04EC0-301F-11D3-BF4B-00C04F79EFBC}") = "SimpleCrud.BLL", "SimpleCrud.BLL\SimpleCrud.BLL.csproj", "{451D479C-541F-4F4C-B551-FE92F5FA1550}"
EndProject
Project("{FAE04EC0-301F-11D3-BF4B-00C04F79EFBC}") = "SimpleCrud.DAL", "SimpleCrud.DAL\SimpleCrud.DAL.csproj", "{D31B412B-EE50-43E8-86AC-B2243B7E555D}"
EndProject
Global
	GlobalSection(SolutionConfigurationPlatforms) = preSolution
		Debug|Any CPU = Debug|Any CPU
		Release|Any CPU = Release|Any CPU
	EndGlobalSection
	GlobalSection(ProjectConfigurationPlatforms) = postSolution
		{94D12E7F-BB08-4982-8B7D-91AB7E90E356}.Debug|Any CPU.ActiveCfg = Debug|Any CPU
		{94D12E7F-BB08-4982-8B7D-91AB7E90E356}.Debug|Any CPU.Build.0 = Debug|Any CPU
		{94D12E7F-BB08-4982-8B7D-91AB7E90E356}.Release|Any CPU.ActiveCfg = Release|Any CPU
		{94D12E7F-BB08-4982-8B7D-91AB7E90E356}.Release|Any CPU.Build.0 = Release|Any CPU
		{451D479C-541F-4F4C-B551-FE92F5FA1550}.Debug|Any CPU.ActiveCfg = Debug|Any CPU
		{451D479C-541F-4F4C-B551-FE92F5FA1550}.Debug|Any CPU.Build.0 = Debug|Any CPU
		{451D479C-541F-4F4C-B551-FE92F5FA1550}.Release|Any CPU.ActiveCfg = Release|Any CPU
		{451D479C-541F-4F4C-B551-FE92F5FA1550}.Release|Any CPU.Build.0 = Release|Any CPU
		{D31B412B-EE50-43E8-86AC-B2243B7E555D}.Debug|Any CPU.ActiveCfg = Debug|Any CPU
		{D31B412B-EE50-43E8-86AC-B2243B7E555D}.Debug|Any CPU.Build.0 = Debug|Any CPU
		{D31B412B-EE50-43E8-86AC-B2243B7E555D}.Release|Any CPU.ActiveCfg = Release|Any CPU
		{D31B412B-EE50-43E8-86AC-B2243B7E555D}.Release|Any CPU.Build.0 = Release|Any CPU
	EndGlobalSection
	GlobalSection(SolutionProperties) = preSolution
		HideSolutionNode = FALSE
	EndGlobalSection
EndGlobal
